
Microsoft Visual Studio Solution File, Format Version 12.00
# Visual Studio Version 17
VisualStudioVersion = 17.14.36310.24 d17.14
MinimumVisualStudioVersion = 10.0.40219.1
Project("{2150E333-8FDC-42A3-9474-1A3956D46DE8}") = "Src", "Src", "{FD0DAA8C-E9AF-4341-A3A5-5D257CEE5047}"
	ProjectSection(SolutionItems) = preProject
		src\Directory.Packages.props = src\Directory.Packages.props
	EndProjectSection
EndProject
Project("{2150E333-8FDC-42A3-9474-1A3956D46DE8}") = "Solution", "Solution", "{43F7CBD1-2D4E-48FA-9623-1400A7056CF4}"
	ProjectSection(SolutionItems) = preProject
		Directory.Build.props = Directory.Build.props
		.gitignore = .gitignore
	EndProjectSection
EndProject
Project("{2150E333-8FDC-42A3-9474-1A3956D46DE8}") = "Lib", "Lib", "{61A3C8F0-4C1D-4B1E-B277-E426732584EA}"
	ProjectSection(SolutionItems) = preProject
		lib\Directory.Packages.props = lib\Directory.Packages.props
	EndProjectSection
EndProject
Project("{2150E333-8FDC-42A3-9474-1A3956D46DE8}") = "Scripts", "Scripts", "{6FDD5721-1631-474A-93CF-3A143FC12A4A}"
	ProjectSection(SolutionItems) = preProject
		scripts\1-Initial.sql = scripts\1-Initial.sql
	EndProjectSection
EndProject
Project("{FAE04EC0-301F-11D3-BF4B-00C04F79EFBC}") = "Abp.BlobStoring.Database", "lib\Abp.BlobStoring.Database\Abp.BlobStoring.Database.csproj", "{DFE87B74-54E2-4D3B-9618-F702CD7B9D2A}"
EndProject
Project("{FAE04EC0-301F-11D3-BF4B-00C04F79EFBC}") = "Abp.BlobStoring.Database.NHibernate", "lib\Abp.BlobStoring.Database.NHibernate\Abp.BlobStoring.Database.NHibernate.csproj", "{3E39C89E-62CF-4FDE-ACAC-A1DB2233B87A}"
EndProject
Project("{FAE04EC0-301F-11D3-BF4B-00C04F79EFBC}") = "Abp.NHibernate", "lib\Abp.NHibernate\Abp.NHibernate.csproj", "{55AFEF96-4DD1-47F3-86A5-422E5FF5E1AF}"
EndProject
Project("{FAE04EC0-301F-11D3-BF4B-00C04F79EFBC}") = "Abp.HangFire", "lib\Abp.HangFire\Abp.HangFire.csproj", "{D232B3E2-69FF-485A-AF75-8A6B198C4999}"
EndProject
Project("{FAE04EC0-301F-11D3-BF4B-00C04F79EFBC}") = "Abp", "lib\Abp\Abp.csproj", "{6015200E-B85F-4700-9717-06333BB9A3E9}"
EndProject
Project("{FAE04EC0-301F-11D3-BF4B-00C04F79EFBC}") = "Castle.Windsor.Microsoft.Extensions.DependencyInjection", "lib\Castle.Windsor.Microsoft.Extensions.DependencyInjection\Castle.Windsor.Microsoft.Extensions.DependencyInjection.csproj", "{004A56ED-8CD5-44A6-A114-198ACDA4FD11}"
EndProject
Project("{FAE04EC0-301F-11D3-BF4B-00C04F79EFBC}") = "Castle.Windsor", "lib\Castle.Windsor\Castle.Windsor.csproj", "{4765A428-F12D-4F35-A7AD-AFE70B6B1A76}"
EndProject
Project("{FAE04EC0-301F-11D3-BF4B-00C04F79EFBC}") = "Abp.BlobStoring", "lib\Abp.BlobStoring\Abp.BlobStoring.csproj", "{9D442AC1-AA1E-43B9-86BA-88856EE954C8}"
EndProject
Project("{FAE04EC0-301F-11D3-BF4B-00C04F79EFBC}") = "Domain", "src\Domain\Domain.csproj", "{9E7AF6D3-5974-4B29-999B-A91F4774CA85}"
EndProject
Project("{FAE04EC0-301F-11D3-BF4B-00C04F79EFBC}") = "Application", "src\Application\Application.csproj", "{52C453C2-50CB-4C80-B98A-A5FBA354B8B0}"
EndProject
Project("{FAE04EC0-301F-11D3-BF4B-00C04F79EFBC}") = "Abp.FluentValidation", "lib\Abp.FluentValidation\Abp.FluentValidation.csproj", "{F3F76894-32C8-48B9-BE29-7146CCB19CD0}"
EndProject
Project("{FAE04EC0-301F-11D3-BF4B-00C04F79EFBC}") = "Infrastructure", "src\Infrastructure\Infrastructure.csproj", "{5D520DAA-1352-4654-B951-6EFB62BB0DC9}"
EndProject
Project("{FAE04EC0-301F-11D3-BF4B-00C04F79EFBC}") = "Web", "src\Web\Web.csproj", "{33AB0AFB-E364-4CDE-A605-5F269455338F}"
EndProject
Project("{FAE04EC0-301F-11D3-BF4B-00C04F79EFBC}") = "Abp.Castle.Log4Net", "lib\Abp.Castle.Log4Net\Abp.Castle.Log4Net.csproj", "{3108B740-CA95-455E-AE9E-B98F6E9BCDF8}"
EndProject
Project("{FAE04EC0-301F-11D3-BF4B-00C04F79EFBC}") = "Abp.Owin", "lib\Abp.Owin\Abp.Owin.csproj", "{4D283734-8BE7-4FA6-91B9-61A2F7D57C6C}"
EndProject
Project("{FAE04EC0-301F-11D3-BF4B-00C04F79EFBC}") = "Abp.Web.Common", "lib\Abp.Web.Common\Abp.Web.Common.csproj", "{6A42EE30-8D4F-4C13-A573-64E772E8B908}"
EndProject
Project("{FAE04EC0-301F-11D3-BF4B-00C04F79EFBC}") = "Abp.Web.Resources", "lib\Abp.Web.Resources\Abp.Web.Resources.csproj", "{CC8BBB51-51C2-4456-A727-B524D5D43B00}"
EndProject
Project("{FAE04EC0-301F-11D3-BF4B-00C04F79EFBC}") = "Abp.Web.Mvc", "lib\Abp.Web.Mvc\Abp.Web.Mvc.csproj", "{A5D45C54-0054-4195-9430-A44582DAFA80}"
EndProject
Project("{FAE04EC0-301F-11D3-BF4B-00C04F79EFBC}") = "Abp.Web", "lib\Abp.Web\Abp.Web.csproj", "{3F7B8AA4-851D-48BF-B550-89AB1C1B8C2B}"
EndProject
Project("{FAE04EC0-301F-11D3-BF4B-00C04F79EFBC}") = "Castle.Facilities.Logging", "lib\Castle.Facilities.Logging\Castle.Facilities.Logging.csproj", "{2BF875E3-83E9-4568-A499-AEA47283E31D}"
EndProject
Project("{FAE04EC0-301F-11D3-BF4B-00C04F79EFBC}") = "Castle.Facilities.AspNet.SystemWeb", "lib\Castle.Facilities.AspNet.SystemWeb\Castle.Facilities.AspNet.SystemWeb.csproj", "{DAA828A6-E7BD-4E63-9621-52CFB740B98F}"
EndProject
Project("{2150E333-8FDC-42A3-9474-1A3956D46DE8}") = "Castle", "Castle", "{01CD0173-D5DF-4B4D-A8E8-5A6A44F33F76}"
EndProject
Project("{2150E333-8FDC-42A3-9474-1A3956D46DE8}") = "Abp", "Abp", "{E83D5FB5-33DE-4799-AB38-926B4E75C8BA}"
EndProject
Project("{FAE04EC0-301F-11D3-BF4B-00C04F79EFBC}") = "Abp.Web.Api", "lib\Abp.Web.Api\Abp.Web.Api.csproj", "{17256C01-21AC-4CC8-A918-2122482FCA32}"
EndProject
Global
	GlobalSection(SolutionConfigurationPlatforms) = preSolution
		Debug|Any CPU = Debug|Any CPU
		Release|Any CPU = Release|Any CPU
	EndGlobalSection
	GlobalSection(ProjectConfigurationPlatforms) = postSolution
		{DFE87B74-54E2-4D3B-9618-F702CD7B9D2A}.Debug|Any CPU.ActiveCfg = Debug|Any CPU
		{DFE87B74-54E2-4D3B-9618-F702CD7B9D2A}.Debug|Any CPU.Build.0 = Debug|Any CPU
		{DFE87B74-54E2-4D3B-9618-F702CD7B9D2A}.Release|Any CPU.ActiveCfg = Release|Any CPU
		{DFE87B74-54E2-4D3B-9618-F702CD7B9D2A}.Release|Any CPU.Build.0 = Release|Any CPU
		{3E39C89E-62CF-4FDE-ACAC-A1DB2233B87A}.Debug|Any CPU.ActiveCfg = Debug|Any CPU
		{3E39C89E-62CF-4FDE-ACAC-A1DB2233B87A}.Debug|Any CPU.Build.0 = Debug|Any CPU
		{3E39C89E-62CF-4FDE-ACAC-A1DB2233B87A}.Release|Any CPU.ActiveCfg = Release|Any CPU
		{3E39C89E-62CF-4FDE-ACAC-A1DB2233B87A}.Release|Any CPU.Build.0 = Release|Any CPU
		{55AFEF96-4DD1-47F3-86A5-422E5FF5E1AF}.Debug|Any CPU.ActiveCfg = Debug|Any CPU
		{55AFEF96-4DD1-47F3-86A5-422E5FF5E1AF}.Debug|Any CPU.Build.0 = Debug|Any CPU
		{55AFEF96-4DD1-47F3-86A5-422E5FF5E1AF}.Release|Any CPU.ActiveCfg = Release|Any CPU
		{55AFEF96-4DD1-47F3-86A5-422E5FF5E1AF}.Release|Any CPU.Build.0 = Release|Any CPU
		{D232B3E2-69FF-485A-AF75-8A6B198C4999}.Debug|Any CPU.ActiveCfg = Debug|Any CPU
		{D232B3E2-69FF-485A-AF75-8A6B198C4999}.Debug|Any CPU.Build.0 = Debug|Any CPU
		{D232B3E2-69FF-485A-AF75-8A6B198C4999}.Release|Any CPU.ActiveCfg = Release|Any CPU
		{D232B3E2-69FF-485A-AF75-8A6B198C4999}.Release|Any CPU.Build.0 = Release|Any CPU
		{6015200E-B85F-4700-9717-06333BB9A3E9}.Debug|Any CPU.ActiveCfg = Debug|Any CPU
		{6015200E-B85F-4700-9717-06333BB9A3E9}.Debug|Any CPU.Build.0 = Debug|Any CPU
		{6015200E-B85F-4700-9717-06333BB9A3E9}.Release|Any CPU.ActiveCfg = Release|Any CPU
		{6015200E-B85F-4700-9717-06333BB9A3E9}.Release|Any CPU.Build.0 = Release|Any CPU
		{004A56ED-8CD5-44A6-A114-198ACDA4FD11}.Debug|Any CPU.ActiveCfg = Debug|Any CPU
		{004A56ED-8CD5-44A6-A114-198ACDA4FD11}.Debug|Any CPU.Build.0 = Debug|Any CPU
		{004A56ED-8CD5-44A6-A114-198ACDA4FD11}.Release|Any CPU.ActiveCfg = Release|Any CPU
		{004A56ED-8CD5-44A6-A114-198ACDA4FD11}.Release|Any CPU.Build.0 = Release|Any CPU
		{4765A428-F12D-4F35-A7AD-AFE70B6B1A76}.Debug|Any CPU.ActiveCfg = Debug|Any CPU
		{4765A428-F12D-4F35-A7AD-AFE70B6B1A76}.Debug|Any CPU.Build.0 = Debug|Any CPU
		{4765A428-F12D-4F35-A7AD-AFE70B6B1A76}.Release|Any CPU.ActiveCfg = Release|Any CPU
		{4765A428-F12D-4F35-A7AD-AFE70B6B1A76}.Release|Any CPU.Build.0 = Release|Any CPU
		{9D442AC1-AA1E-43B9-86BA-88856EE954C8}.Debug|Any CPU.ActiveCfg = Debug|Any CPU
		{9D442AC1-AA1E-43B9-86BA-88856EE954C8}.Debug|Any CPU.Build.0 = Debug|Any CPU
		{9D442AC1-AA1E-43B9-86BA-88856EE954C8}.Release|Any CPU.ActiveCfg = Release|Any CPU
		{9D442AC1-AA1E-43B9-86BA-88856EE954C8}.Release|Any CPU.Build.0 = Release|Any CPU
		{9E7AF6D3-5974-4B29-999B-A91F4774CA85}.Debug|Any CPU.ActiveCfg = Debug|Any CPU
		{9E7AF6D3-5974-4B29-999B-A91F4774CA85}.Debug|Any CPU.Build.0 = Debug|Any CPU
		{9E7AF6D3-5974-4B29-999B-A91F4774CA85}.Release|Any CPU.ActiveCfg = Release|Any CPU
		{9E7AF6D3-5974-4B29-999B-A91F4774CA85}.Release|Any CPU.Build.0 = Release|Any CPU
		{52C453C2-50CB-4C80-B98A-A5FBA354B8B0}.Debug|Any CPU.ActiveCfg = Debug|Any CPU
		{52C453C2-50CB-4C80-B98A-A5FBA354B8B0}.Debug|Any CPU.Build.0 = Debug|Any CPU
		{52C453C2-50CB-4C80-B98A-A5FBA354B8B0}.Release|Any CPU.ActiveCfg = Release|Any CPU
		{52C453C2-50CB-4C80-B98A-A5FBA354B8B0}.Release|Any CPU.Build.0 = Release|Any CPU
		{F3F76894-32C8-48B9-BE29-7146CCB19CD0}.Debug|Any CPU.ActiveCfg = Debug|Any CPU
		{F3F76894-32C8-48B9-BE29-7146CCB19CD0}.Debug|Any CPU.Build.0 = Debug|Any CPU
		{F3F76894-32C8-48B9-BE29-7146CCB19CD0}.Release|Any CPU.ActiveCfg = Release|Any CPU
		{F3F76894-32C8-48B9-BE29-7146CCB19CD0}.Release|Any CPU.Build.0 = Release|Any CPU
		{5D520DAA-1352-4654-B951-6EFB62BB0DC9}.Debug|Any CPU.ActiveCfg = Debug|Any CPU
		{5D520DAA-1352-4654-B951-6EFB62BB0DC9}.Debug|Any CPU.Build.0 = Debug|Any CPU
		{5D520DAA-1352-4654-B951-6EFB62BB0DC9}.Release|Any CPU.ActiveCfg = Release|Any CPU
		{5D520DAA-1352-4654-B951-6EFB62BB0DC9}.Release|Any CPU.Build.0 = Release|Any CPU
		{33AB0AFB-E364-4CDE-A605-5F269455338F}.Debug|Any CPU.ActiveCfg = Debug|Any CPU
		{33AB0AFB-E364-4CDE-A605-5F269455338F}.Debug|Any CPU.Build.0 = Debug|Any CPU
		{33AB0AFB-E364-4CDE-A605-5F269455338F}.Release|Any CPU.ActiveCfg = Release|Any CPU
		{33AB0AFB-E364-4CDE-A605-5F269455338F}.Release|Any CPU.Build.0 = Release|Any CPU
		{3108B740-CA95-455E-AE9E-B98F6E9BCDF8}.Debug|Any CPU.ActiveCfg = Debug|Any CPU
		{3108B740-CA95-455E-AE9E-B98F6E9BCDF8}.Debug|Any CPU.Build.0 = Debug|Any CPU
		{3108B740-CA95-455E-AE9E-B98F6E9BCDF8}.Release|Any CPU.ActiveCfg = Release|Any CPU
		{3108B740-CA95-455E-AE9E-B98F6E9BCDF8}.Release|Any CPU.Build.0 = Release|Any CPU
		{4D283734-8BE7-4FA6-91B9-61A2F7D57C6C}.Debug|Any CPU.ActiveCfg = Debug|Any CPU
		{4D283734-8BE7-4FA6-91B9-61A2F7D57C6C}.Debug|Any CPU.Build.0 = Debug|Any CPU
		{4D283734-8BE7-4FA6-91B9-61A2F7D57C6C}.Release|Any CPU.ActiveCfg = Release|Any CPU
		{4D283734-8BE7-4FA6-91B9-61A2F7D57C6C}.Release|Any CPU.Build.0 = Release|Any CPU
		{6A42EE30-8D4F-4C13-A573-64E772E8B908}.Debug|Any CPU.ActiveCfg = Debug|Any CPU
		{6A42EE30-8D4F-4C13-A573-64E772E8B908}.Debug|Any CPU.Build.0 = Debug|Any CPU
		{6A42EE30-8D4F-4C13-A573-64E772E8B908}.Release|Any CPU.ActiveCfg = Release|Any CPU
		{6A42EE30-8D4F-4C13-A573-64E772E8B908}.Release|Any CPU.Build.0 = Release|Any CPU
		{CC8BBB51-51C2-4456-A727-B524D5D43B00}.Debug|Any CPU.ActiveCfg = Debug|Any CPU
		{CC8BBB51-51C2-4456-A727-B524D5D43B00}.Debug|Any CPU.Build.0 = Debug|Any CPU
		{CC8BBB51-51C2-4456-A727-B524D5D43B00}.Release|Any CPU.ActiveCfg = Release|Any CPU
		{CC8BBB51-51C2-4456-A727-B524D5D43B00}.Release|Any CPU.Build.0 = Release|Any CPU
		{A5D45C54-0054-4195-9430-A44582DAFA80}.Debug|Any CPU.ActiveCfg = Debug|Any CPU
		{A5D45C54-0054-4195-9430-A44582DAFA80}.Debug|Any CPU.Build.0 = Debug|Any CPU
		{A5D45C54-0054-4195-9430-A44582DAFA80}.Release|Any CPU.ActiveCfg = Release|Any CPU
		{A5D45C54-0054-4195-9430-A44582DAFA80}.Release|Any CPU.Build.0 = Release|Any CPU
		{3F7B8AA4-851D-48BF-B550-89AB1C1B8C2B}.Debug|Any CPU.ActiveCfg = Debug|Any CPU
		{3F7B8AA4-851D-48BF-B550-89AB1C1B8C2B}.Debug|Any CPU.Build.0 = Debug|Any CPU
		{3F7B8AA4-851D-48BF-B550-89AB1C1B8C2B}.Release|Any CPU.ActiveCfg = Release|Any CPU
		{3F7B8AA4-851D-48BF-B550-89AB1C1B8C2B}.Release|Any CPU.Build.0 = Release|Any CPU
		{2BF875E3-83E9-4568-A499-AEA47283E31D}.Debug|Any CPU.ActiveCfg = Debug|Any CPU
		{2BF875E3-83E9-4568-A499-AEA47283E31D}.Debug|Any CPU.Build.0 = Debug|Any CPU
		{2BF875E3-83E9-4568-A499-AEA47283E31D}.Release|Any CPU.ActiveCfg = Release|Any CPU
		{2BF875E3-83E9-4568-A499-AEA47283E31D}.Release|Any CPU.Build.0 = Release|Any CPU
		{DAA828A6-E7BD-4E63-9621-52CFB740B98F}.Debug|Any CPU.ActiveCfg = Debug|Any CPU
		{DAA828A6-E7BD-4E63-9621-52CFB740B98F}.Debug|Any CPU.Build.0 = Debug|Any CPU
		{DAA828A6-E7BD-4E63-9621-52CFB740B98F}.Release|Any CPU.ActiveCfg = Release|Any CPU
		{DAA828A6-E7BD-4E63-9621-52CFB740B98F}.Release|Any CPU.Build.0 = Release|Any CPU
		{17256C01-21AC-4CC8-A918-2122482FCA32}.Debug|Any CPU.ActiveCfg = Debug|Any CPU
		{17256C01-21AC-4CC8-A918-2122482FCA32}.Debug|Any CPU.Build.0 = Debug|Any CPU
		{17256C01-21AC-4CC8-A918-2122482FCA32}.Release|Any CPU.ActiveCfg = Release|Any CPU
		{17256C01-21AC-4CC8-A918-2122482FCA32}.Release|Any CPU.Build.0 = Release|Any CPU
	EndGlobalSection
	GlobalSection(SolutionProperties) = preSolution
		HideSolutionNode = FALSE
	EndGlobalSection
	GlobalSection(NestedProjects) = preSolution
		{6FDD5721-1631-474A-93CF-3A143FC12A4A} = {43F7CBD1-2D4E-48FA-9623-1400A7056CF4}
		{9E7AF6D3-5974-4B29-999B-A91F4774CA85} = {FD0DAA8C-E9AF-4341-A3A5-5D257CEE5047}
		{52C453C2-50CB-4C80-B98A-A5FBA354B8B0} = {FD0DAA8C-E9AF-4341-A3A5-5D257CEE5047}
		{5D520DAA-1352-4654-B951-6EFB62BB0DC9} = {FD0DAA8C-E9AF-4341-A3A5-5D257CEE5047}
		{33AB0AFB-E364-4CDE-A605-5F269455338F} = {FD0DAA8C-E9AF-4341-A3A5-5D257CEE5047}
		{01CD0173-D5DF-4B4D-A8E8-5A6A44F33F76} = {61A3C8F0-4C1D-4B1E-B277-E426732584EA}
		{DAA828A6-E7BD-4E63-9621-52CFB740B98F} = {01CD0173-D5DF-4B4D-A8E8-5A6A44F33F76}
		{2BF875E3-83E9-4568-A499-AEA47283E31D} = {01CD0173-D5DF-4B4D-A8E8-5A6A44F33F76}
		{4765A428-F12D-4F35-A7AD-AFE70B6B1A76} = {01CD0173-D5DF-4B4D-A8E8-5A6A44F33F76}
		{004A56ED-8CD5-44A6-A114-198ACDA4FD11} = {01CD0173-D5DF-4B4D-A8E8-5A6A44F33F76}
		{E83D5FB5-33DE-4799-AB38-926B4E75C8BA} = {61A3C8F0-4C1D-4B1E-B277-E426732584EA}
		{6015200E-B85F-4700-9717-06333BB9A3E9} = {E83D5FB5-33DE-4799-AB38-926B4E75C8BA}
		{9D442AC1-AA1E-43B9-86BA-88856EE954C8} = {E83D5FB5-33DE-4799-AB38-926B4E75C8BA}
		{DFE87B74-54E2-4D3B-9618-F702CD7B9D2A} = {E83D5FB5-33DE-4799-AB38-926B4E75C8BA}
		{3E39C89E-62CF-4FDE-ACAC-A1DB2233B87A} = {E83D5FB5-33DE-4799-AB38-926B4E75C8BA}
		{3108B740-CA95-455E-AE9E-B98F6E9BCDF8} = {E83D5FB5-33DE-4799-AB38-926B4E75C8BA}
		{F3F76894-32C8-48B9-BE29-7146CCB19CD0} = {E83D5FB5-33DE-4799-AB38-926B4E75C8BA}
		{D232B3E2-69FF-485A-AF75-8A6B198C4999} = {E83D5FB5-33DE-4799-AB38-926B4E75C8BA}
		{55AFEF96-4DD1-47F3-86A5-422E5FF5E1AF} = {E83D5FB5-33DE-4799-AB38-926B4E75C8BA}
		{4D283734-8BE7-4FA6-91B9-61A2F7D57C6C} = {E83D5FB5-33DE-4799-AB38-926B4E75C8BA}
		{3F7B8AA4-851D-48BF-B550-89AB1C1B8C2B} = {E83D5FB5-33DE-4799-AB38-926B4E75C8BA}
		{6A42EE30-8D4F-4C13-A573-64E772E8B908} = {E83D5FB5-33DE-4799-AB38-926B4E75C8BA}
		{A5D45C54-0054-4195-9430-A44582DAFA80} = {E83D5FB5-33DE-4799-AB38-926B4E75C8BA}
		{CC8BBB51-51C2-4456-A727-B524D5D43B00} = {E83D5FB5-33DE-4799-AB38-926B4E75C8BA}
		{17256C01-21AC-4CC8-A918-2122482FCA32} = {E83D5FB5-33DE-4799-AB38-926B4E75C8BA}
	EndGlobalSection
	GlobalSection(ExtensibilityGlobals) = postSolution
		SolutionGuid = {B1873D6C-E180-49FF-AE8B-62AD0AE8D60B}
	EndGlobalSection
EndGlobal
