
Microsoft Visual Studio Solution File, Format Version 12.00
# Visual Studio Version 17
VisualStudioVersion = 17.14.36310.24 d17.14
MinimumVisualStudioVersion = 10.0.40219.1
Project("{2150E333-8FDC-42A3-9474-1A3956D46DE8}") = "Src", "Src", "{FD0DAA8C-E9AF-4341-A3A5-5D257CEE5047}"
	ProjectSection(SolutionItems) = preProject
		src\Directory.Packages.props = src\Directory.Packages.props
	EndProjectSection
EndProject
Project("{2150E333-8FDC-42A3-9474-1A3956D46DE8}") = "Solution", "Solution", "{43F7CBD1-2D4E-48FA-9623-1400A7056CF4}"
	ProjectSection(SolutionItems) = preProject
		Directory.Build.props = Directory.Build.props
		.gitignore = .gitignore
	EndProjectSection
EndProject
Project("{2150E333-8FDC-42A3-9474-1A3956D46DE8}") = "Lib", "Lib", "{61A3C8F0-4C1D-4B1E-B277-E426732584EA}"
	ProjectSection(SolutionItems) = preProject
		lib\Directory.Packages.props = lib\Directory.Packages.props
	EndProjectSection
EndProject
Project("{2150E333-8FDC-42A3-9474-1A3956D46DE8}") = "Scripts", "Scripts", "{6FDD5721-1631-474A-93CF-3A143FC12A4A}"
	ProjectSection(SolutionItems) = preProject
		scripts\1-Initial.sql = scripts\1-Initial.sql
	EndProjectSection
EndProject
Project("{FAE04EC0-301F-11D3-BF4B-00C04F79EFBC}") = "Abp.BlobStoring.Database", "lib\Abp.BlobStoring.Database\Abp.BlobStoring.Database.csproj", "{DFE87B74-54E2-4D3B-9618-F702CD7B9D2A}"
EndProject
Project("{FAE04EC0-301F-11D3-BF4B-00C04F79EFBC}") = "Abp.BlobStoring.Database.NHibernate", "lib\Abp.BlobStoring.Database.NHibernate\Abp.BlobStoring.Database.NHibernate.csproj", "{3E39C89E-62CF-4FDE-ACAC-A1DB2233B87A}"
EndProject
Project("{FAE04EC0-301F-11D3-BF4B-00C04F79EFBC}") = "Abp.NHibernate", "lib\Abp.NHibernate\Abp.NHibernate.csproj", "{55AFEF96-4DD1-47F3-86A5-422E5FF5E1AF}"
EndProject
Project("{FAE04EC0-301F-11D3-BF4B-00C04F79EFBC}") = "Abp.HangFire", "lib\Abp.HangFire\Abp.HangFire.csproj", "{D232B3E2-69FF-485A-AF75-8A6B198C4999}"
EndProject
Project("{FAE04EC0-301F-11D3-BF4B-00C04F79EFBC}") = "Abp", "lib\Abp\Abp.csproj", "{6015200E-B85F-4700-9717-06333BB9A3E9}"
EndProject
Project("{FAE04EC0-301F-11D3-BF4B-00C04F79EFBC}") = "Castle.Windsor.Microsoft.Extensions.DependencyInjection", "lib\Castle.Windsor.Microsoft.Extensions.DependencyInjection\Castle.Windsor.Microsoft.Extensions.DependencyInjection.csproj", "{004A56ED-8CD5-44A6-A114-198ACDA4FD11}"
EndProject
Project("{FAE04EC0-301F-11D3-BF4B-00C04F79EFBC}") = "Castle.Windsor", "lib\Castle.Windsor\Castle.Windsor.csproj", "{4765A428-F12D-4F35-A7AD-AFE70B6B1A76}"
EndProject
Project("{FAE04EC0-301F-11D3-BF4B-00C04F79EFBC}") = "Castle.Core", "lib\Castle.Core\Castle.Core.csproj", "{99EDF528-4587-4ABA-8E18-FCECBD445EBA}"
EndProject
Project("{FAE04EC0-301F-11D3-BF4B-00C04F79EFBC}") = "Castle.Core.AsyncInterceptor", "lib\Castle.Core.AsyncInterceptor\Castle.Core.AsyncInterceptor.csproj", "{2C688D75-8A34-4EEF-BA92-D900C764E459}"
EndProject
Project("{FAE04EC0-301F-11D3-BF4B-00C04F79EFBC}") = "Abp.BlobStoring", "lib\Abp.BlobStoring\Abp.BlobStoring.csproj", "{9D442AC1-AA1E-43B9-86BA-88856EE954C8}"
EndProject
Project("{FAE04EC0-301F-11D3-BF4B-00C04F79EFBC}") = "Domain", "src\Domain\Domain.csproj", "{9E7AF6D3-5974-4B29-999B-A91F4774CA85}"
EndProject
Project("{FAE04EC0-301F-11D3-BF4B-00C04F79EFBC}") = "Application", "src\Application\Application.csproj", "{52C453C2-50CB-4C80-B98A-A5FBA354B8B0}"
EndProject
Project("{FAE04EC0-301F-11D3-BF4B-00C04F79EFBC}") = "Abp.FluentValidation", "lib\Abp.FluentValidation\Abp.FluentValidation.csproj", "{F3F76894-32C8-48B9-BE29-7146CCB19CD0}"
EndProject
Project("{FAE04EC0-301F-11D3-BF4B-00C04F79EFBC}") = "Infrastructure", "src\Infrastructure\Infrastructure.csproj", "{5D520DAA-1352-4654-B951-6EFB62BB0DC9}"
EndProject
Project("{FAE04EC0-301F-11D3-BF4B-00C04F79EFBC}") = "Web", "src\Web\Web.csproj", "{33AB0AFB-E364-4CDE-A605-5F269455338F}"
EndProject
Project("{FAE04EC0-301F-11D3-BF4B-00C04F79EFBC}") = "Abp.Castle.Log4Net", "lib\Abp.Castle.Log4Net\Abp.Castle.Log4Net.csproj", "{3108B740-CA95-455E-AE9E-B98F6E9BCDF8}"
EndProject
Global
	GlobalSection(SolutionConfigurationPlatforms) = preSolution
		Debug|Any CPU = Debug|Any CPU
		Release|Any CPU = Release|Any CPU
	EndGlobalSection
	GlobalSection(ProjectConfigurationPlatforms) = postSolution
		{DFE87B74-54E2-4D3B-9618-F702CD7B9D2A}.Debug|Any CPU.ActiveCfg = Debug|Any CPU
		{DFE87B74-54E2-4D3B-9618-F702CD7B9D2A}.Debug|Any CPU.Build.0 = Debug|Any CPU
		{DFE87B74-54E2-4D3B-9618-F702CD7B9D2A}.Release|Any CPU.ActiveCfg = Release|Any CPU
		{DFE87B74-54E2-4D3B-9618-F702CD7B9D2A}.Release|Any CPU.Build.0 = Release|Any CPU
		{3E39C89E-62CF-4FDE-ACAC-A1DB2233B87A}.Debug|Any CPU.ActiveCfg = Debug|Any CPU
		{3E39C89E-62CF-4FDE-ACAC-A1DB2233B87A}.Debug|Any CPU.Build.0 = Debug|Any CPU
		{3E39C89E-62CF-4FDE-ACAC-A1DB2233B87A}.Release|Any CPU.ActiveCfg = Release|Any CPU
		{3E39C89E-62CF-4FDE-ACAC-A1DB2233B87A}.Release|Any CPU.Build.0 = Release|Any CPU
		{55AFEF96-4DD1-47F3-86A5-422E5FF5E1AF}.Debug|Any CPU.ActiveCfg = Debug|Any CPU
		{55AFEF96-4DD1-47F3-86A5-422E5FF5E1AF}.Debug|Any CPU.Build.0 = Debug|Any CPU
		{55AFEF96-4DD1-47F3-86A5-422E5FF5E1AF}.Release|Any CPU.ActiveCfg = Release|Any CPU
		{55AFEF96-4DD1-47F3-86A5-422E5FF5E1AF}.Release|Any CPU.Build.0 = Release|Any CPU
		{D232B3E2-69FF-485A-AF75-8A6B198C4999}.Debug|Any CPU.ActiveCfg = Debug|Any CPU
		{D232B3E2-69FF-485A-AF75-8A6B198C4999}.Debug|Any CPU.Build.0 = Debug|Any CPU
		{D232B3E2-69FF-485A-AF75-8A6B198C4999}.Release|Any CPU.ActiveCfg = Release|Any CPU
		{D232B3E2-69FF-485A-AF75-8A6B198C4999}.Release|Any CPU.Build.0 = Release|Any CPU
		{6015200E-B85F-4700-9717-06333BB9A3E9}.Debug|Any CPU.ActiveCfg = Debug|Any CPU
		{6015200E-B85F-4700-9717-06333BB9A3E9}.Debug|Any CPU.Build.0 = Debug|Any CPU
		{6015200E-B85F-4700-9717-06333BB9A3E9}.Release|Any CPU.ActiveCfg = Release|Any CPU
		{6015200E-B85F-4700-9717-06333BB9A3E9}.Release|Any CPU.Build.0 = Release|Any CPU
		{004A56ED-8CD5-44A6-A114-198ACDA4FD11}.Debug|Any CPU.ActiveCfg = Debug|Any CPU
		{004A56ED-8CD5-44A6-A114-198ACDA4FD11}.Debug|Any CPU.Build.0 = Debug|Any CPU
		{004A56ED-8CD5-44A6-A114-198ACDA4FD11}.Release|Any CPU.ActiveCfg = Release|Any CPU
		{004A56ED-8CD5-44A6-A114-198ACDA4FD11}.Release|Any CPU.Build.0 = Release|Any CPU
		{4765A428-F12D-4F35-A7AD-AFE70B6B1A76}.Debug|Any CPU.ActiveCfg = Debug|Any CPU
		{4765A428-F12D-4F35-A7AD-AFE70B6B1A76}.Debug|Any CPU.Build.0 = Debug|Any CPU
		{4765A428-F12D-4F35-A7AD-AFE70B6B1A76}.Release|Any CPU.ActiveCfg = Release|Any CPU
		{4765A428-F12D-4F35-A7AD-AFE70B6B1A76}.Release|Any CPU.Build.0 = Release|Any CPU
		{99EDF528-4587-4ABA-8E18-FCECBD445EBA}.Debug|Any CPU.ActiveCfg = Debug|Any CPU
		{99EDF528-4587-4ABA-8E18-FCECBD445EBA}.Debug|Any CPU.Build.0 = Debug|Any CPU
		{99EDF528-4587-4ABA-8E18-FCECBD445EBA}.Release|Any CPU.ActiveCfg = Release|Any CPU
		{99EDF528-4587-4ABA-8E18-FCECBD445EBA}.Release|Any CPU.Build.0 = Release|Any CPU
		{2C688D75-8A34-4EEF-BA92-D900C764E459}.Debug|Any CPU.ActiveCfg = Debug|Any CPU
		{2C688D75-8A34-4EEF-BA92-D900C764E459}.Debug|Any CPU.Build.0 = Debug|Any CPU
		{2C688D75-8A34-4EEF-BA92-D900C764E459}.Release|Any CPU.ActiveCfg = Release|Any CPU
		{2C688D75-8A34-4EEF-BA92-D900C764E459}.Release|Any CPU.Build.0 = Release|Any CPU
		{9D442AC1-AA1E-43B9-86BA-88856EE954C8}.Debug|Any CPU.ActiveCfg = Debug|Any CPU
		{9D442AC1-AA1E-43B9-86BA-88856EE954C8}.Debug|Any CPU.Build.0 = Debug|Any CPU
		{9D442AC1-AA1E-43B9-86BA-88856EE954C8}.Release|Any CPU.ActiveCfg = Release|Any CPU
		{9D442AC1-AA1E-43B9-86BA-88856EE954C8}.Release|Any CPU.Build.0 = Release|Any CPU
		{9E7AF6D3-5974-4B29-999B-A91F4774CA85}.Debug|Any CPU.ActiveCfg = Debug|Any CPU
		{9E7AF6D3-5974-4B29-999B-A91F4774CA85}.Debug|Any CPU.Build.0 = Debug|Any CPU
		{9E7AF6D3-5974-4B29-999B-A91F4774CA85}.Release|Any CPU.ActiveCfg = Release|Any CPU
		{9E7AF6D3-5974-4B29-999B-A91F4774CA85}.Release|Any CPU.Build.0 = Release|Any CPU
		{52C453C2-50CB-4C80-B98A-A5FBA354B8B0}.Debug|Any CPU.ActiveCfg = Debug|Any CPU
		{52C453C2-50CB-4C80-B98A-A5FBA354B8B0}.Debug|Any CPU.Build.0 = Debug|Any CPU
		{52C453C2-50CB-4C80-B98A-A5FBA354B8B0}.Release|Any CPU.ActiveCfg = Release|Any CPU
		{52C453C2-50CB-4C80-B98A-A5FBA354B8B0}.Release|Any CPU.Build.0 = Release|Any CPU
		{F3F76894-32C8-48B9-BE29-7146CCB19CD0}.Debug|Any CPU.ActiveCfg = Debug|Any CPU
		{F3F76894-32C8-48B9-BE29-7146CCB19CD0}.Debug|Any CPU.Build.0 = Debug|Any CPU
		{F3F76894-32C8-48B9-BE29-7146CCB19CD0}.Release|Any CPU.ActiveCfg = Release|Any CPU
		{F3F76894-32C8-48B9-BE29-7146CCB19CD0}.Release|Any CPU.Build.0 = Release|Any CPU
		{5D520DAA-1352-4654-B951-6EFB62BB0DC9}.Debug|Any CPU.ActiveCfg = Debug|Any CPU
		{5D520DAA-1352-4654-B951-6EFB62BB0DC9}.Debug|Any CPU.Build.0 = Debug|Any CPU
		{5D520DAA-1352-4654-B951-6EFB62BB0DC9}.Release|Any CPU.ActiveCfg = Release|Any CPU
		{5D520DAA-1352-4654-B951-6EFB62BB0DC9}.Release|Any CPU.Build.0 = Release|Any CPU
		{33AB0AFB-E364-4CDE-A605-5F269455338F}.Debug|Any CPU.ActiveCfg = Debug|Any CPU
		{33AB0AFB-E364-4CDE-A605-5F269455338F}.Debug|Any CPU.Build.0 = Debug|Any CPU
		{33AB0AFB-E364-4CDE-A605-5F269455338F}.Release|Any CPU.ActiveCfg = Release|Any CPU
		{33AB0AFB-E364-4CDE-A605-5F269455338F}.Release|Any CPU.Build.0 = Release|Any CPU
		{3108B740-CA95-455E-AE9E-B98F6E9BCDF8}.Debug|Any CPU.ActiveCfg = Debug|Any CPU
		{3108B740-CA95-455E-AE9E-B98F6E9BCDF8}.Debug|Any CPU.Build.0 = Debug|Any CPU
		{3108B740-CA95-455E-AE9E-B98F6E9BCDF8}.Release|Any CPU.ActiveCfg = Release|Any CPU
		{3108B740-CA95-455E-AE9E-B98F6E9BCDF8}.Release|Any CPU.Build.0 = Release|Any CPU
	EndGlobalSection
	GlobalSection(SolutionProperties) = preSolution
		HideSolutionNode = FALSE
	EndGlobalSection
	GlobalSection(NestedProjects) = preSolution
		{6FDD5721-1631-474A-93CF-3A143FC12A4A} = {43F7CBD1-2D4E-48FA-9623-1400A7056CF4}
		{DFE87B74-54E2-4D3B-9618-F702CD7B9D2A} = {61A3C8F0-4C1D-4B1E-B277-E426732584EA}
		{3E39C89E-62CF-4FDE-ACAC-A1DB2233B87A} = {61A3C8F0-4C1D-4B1E-B277-E426732584EA}
		{55AFEF96-4DD1-47F3-86A5-422E5FF5E1AF} = {61A3C8F0-4C1D-4B1E-B277-E426732584EA}
		{D232B3E2-69FF-485A-AF75-8A6B198C4999} = {61A3C8F0-4C1D-4B1E-B277-E426732584EA}
		{6015200E-B85F-4700-9717-06333BB9A3E9} = {61A3C8F0-4C1D-4B1E-B277-E426732584EA}
		{004A56ED-8CD5-44A6-A114-198ACDA4FD11} = {61A3C8F0-4C1D-4B1E-B277-E426732584EA}
		{4765A428-F12D-4F35-A7AD-AFE70B6B1A76} = {61A3C8F0-4C1D-4B1E-B277-E426732584EA}
		{99EDF528-4587-4ABA-8E18-FCECBD445EBA} = {61A3C8F0-4C1D-4B1E-B277-E426732584EA}
		{2C688D75-8A34-4EEF-BA92-D900C764E459} = {61A3C8F0-4C1D-4B1E-B277-E426732584EA}
		{9D442AC1-AA1E-43B9-86BA-88856EE954C8} = {61A3C8F0-4C1D-4B1E-B277-E426732584EA}
		{9E7AF6D3-5974-4B29-999B-A91F4774CA85} = {FD0DAA8C-E9AF-4341-A3A5-5D257CEE5047}
		{52C453C2-50CB-4C80-B98A-A5FBA354B8B0} = {FD0DAA8C-E9AF-4341-A3A5-5D257CEE5047}
		{F3F76894-32C8-48B9-BE29-7146CCB19CD0} = {61A3C8F0-4C1D-4B1E-B277-E426732584EA}
		{5D520DAA-1352-4654-B951-6EFB62BB0DC9} = {FD0DAA8C-E9AF-4341-A3A5-5D257CEE5047}
		{33AB0AFB-E364-4CDE-A605-5F269455338F} = {FD0DAA8C-E9AF-4341-A3A5-5D257CEE5047}
		{3108B740-CA95-455E-AE9E-B98F6E9BCDF8} = {61A3C8F0-4C1D-4B1E-B277-E426732584EA}
	EndGlobalSection
	GlobalSection(ExtensibilityGlobals) = postSolution
		SolutionGuid = {B1873D6C-E180-49FF-AE8B-62AD0AE8D60B}
	EndGlobalSection
EndGlobal
